{
  "requires": true,
  "lockfileVersion": 1,
  "dependencies": {
    "core-js": {
      "version": "3.8.1",
      "resolved": "https://registry.npmjs.org/core-js/-/core-js-3.8.1.tgz",
      "integrity": "sha512-9Id2xHY1W7m8hCl8NkhQn5CufmF/WuR30BTRewvCXc1aZd3kMECwNZ69ndLbekKfakw9Rf2Xyc+QR6E7Gg+obg=="
    },
    "echarts": {
      "version": "5.0.0",
      "resolved": "https://registry.npmjs.org/echarts/-/echarts-5.0.0.tgz",
      "integrity": "sha512-6SDcJbLVOcfQyjPg+spNU1+JVrkU1B9fzUa5tpbP/mMNUPyigCOJwcEIQAJSbp9jt5UP3EXvQR0vtYXIo9AjyA==",
      "requires": {
        "tslib": "1.10.0",
        "zrender": "5.0.1"
      }
    },
    "lodash": {
      "version": "4.17.20",
      "resolved": "https://registry.npmjs.org/lodash/-/lodash-4.17.20.tgz",
      "integrity": "sha512-PlhdFcillOINfeV7Ni6oF1TAEayyZBoZ8bcshTHqOYJYlrqzRK5hagpagky5o4HfCzzd1TRkXPMFq6cKk9rGmA=="
    },
    "resize-detector": {
      "version": "0.1.10",
      "resolved": "https://registry.npmjs.org/resize-detector/-/resize-detector-0.1.10.tgz",
      "integrity": "sha512-iLcXC8A6Fb0DfA+TRiywrK/0A22bFqkhntjMJMEzXDA4XkcEkfwpNbv7W8iewUiD0xYIaeiXOfiEehTqGKsUFw=="
    },
    "tslib": {
      "version": "1.10.0",
      "resolved": "https://registry.npmjs.org/tslib/-/tslib-1.10.0.tgz",
      "integrity": "sha512-qOebF53frne81cf0S9B41ByenJ3/IuH8yJKngAX35CmiZySA0khhkovshKK+jGCaMnVomla7gVlIcc3EvKPbTQ=="
    },
    "vue-echarts": {
      "version": "5.0.0-beta.0",
      "resolved": "https://registry.npmjs.org/vue-echarts/-/vue-echarts-5.0.0-beta.0.tgz",
      "integrity": "sha512-QZFKGXDAYFQo+F20REpzcdLx79nsl4kOorJRpN+08aYq4YiIlmtWss1Lxadm7Fo+NYyWm8nnT+h4xHv3uqWIDQ==",
      "requires": {
        "core-js": "^3.4.4",
        "lodash": "^4.17.15",
        "resize-detector": "^0.1.10"
      }
    },
    "vuex": {
      "version": "3.5.1",
      "resolved": "https://registry.npmjs.org/vuex/-/vuex-3.5.1.tgz",
      "integrity": "sha512-w7oJzmHQs0FM9LXodfskhw9wgKBiaB+totOdb8sNzbTB2KDCEEwEs29NzBZFh/lmEK1t5tDmM1vtsO7ubG1DFw=="
    },
    "zrender": {
      "version": "5.0.1",
      "resolved": "https://registry.npmjs.org/zrender/-/zrender-5.0.1.tgz",
      "integrity": "sha512-i8FNCKAKfF0EfZFJ6w2p30umBrCyy481/PePFQqPdtNgCl5Hp5z7/dovqb7soEoFkhNvhjJ/J4W9zFALeae6yA==",
      "requires": {
        "tslib": "1.10.0"
      }
    }
  }
}
